
Microsoft Visual Studio Solution File, Format Version 12.00
# Visual Studio Version 17
VisualStudioVersion = 17.5.33530.505
MinimumVisualStudioVersion = 10.0.40219.1
Project("{FAE04EC0-301F-11D3-BF4B-00C04F79EFBC}") = "api", "api\api.csproj", "{C9CE2A89-F512-4FFC-81E8-5CE058E054C2}"
EndProject
Global
	GlobalSection(SolutionConfigurationPlatforms) = preSolution
		Debug|Any CPU = Debug|Any CPU
		Release|Any CPU = Release|Any CPU
	EndGlobalSection
	GlobalSection(ProjectConfigurationPlatforms) = postSolution
		{C9CE2A89-F512-4FFC-81E8-5CE058E054C2}.Debug|Any CPU.ActiveCfg = Debug|Any CPU
		{C9CE2A89-F512-4FFC-81E8-5CE058E054C2}.Debug|Any CPU.Build.0 = Debug|Any CPU
		{C9CE2A89-F512-4FFC-81E8-5CE058E054C2}.Release|Any CPU.ActiveCfg = Release|Any CPU
		{C9CE2A89-F512-4FFC-81E8-5CE058E054C2}.Release|Any CPU.Build.0 = Release|Any CPU
	EndGlobalSection
	GlobalSection(SolutionProperties) = preSolution
		HideSolutionNode = FALSE
	EndGlobalSection
	GlobalSection(ExtensibilityGlobals) = postSolution
		SolutionGuid = {5A276841-204F-4DC7-B1DC-9FD5CCCAEEA0}
	EndGlobalSection
EndGlobal
